{
    "_meta": {
        "hash": {
            "sha256": "d3db537977d205dc893a712952022db0eb6ff6e8ede47dbaf699059570b3a6f6"
        },
        "pipfile-spec": 6,
        "requires": {
            "python_version": "3.9"
        },
        "sources": [
            {
                "name": "pypi",
                "url": "https://pypi.org/simple",
                "verify_ssl": true
            }
        ]
    },
    "default": {
        "peewee": {
            "hashes": [
                "sha256:3a56967f28a43ca7a4287f4803752aeeb1a57a08dee2e839b99868181dfb5df8"
            ],
            "index": "pypi",
            "version": "==3.17.0"
        }
    },
    "develop": {}
}
